
Microsoft Visual Studio Solution File, Format Version 12.00
# Visual Studio Version 16
VisualStudioVersion = 16.0.29209.152
MinimumVisualStudioVersion = 15.0.26124.0
Project("{2150E333-8FDC-42A3-9474-1A3956D46DE8}") = "Solution Items", "Solution Items", "{8DB5E83D-451D-4270-B6FD-471A3BCDB370}"
	ProjectSection(SolutionItems) = preProject
		.editorconfig = .editorconfig
		architecture.json = architecture.json
		global.json = global.json
		LICENSE = LICENSE
	EndProjectSection
EndProject
Project("{2150E333-8FDC-42A3-9474-1A3956D46DE8}") = "src", "src", "{3E12B538-40EB-485F-B842-274248B175D6}"
EndProject
Project("{2150E333-8FDC-42A3-9474-1A3956D46DE8}") = "test", "test", "{5392CE96-F600-4647-B43F-EFA2E172BDF6}"
EndProject
Project("{9A19103F-16F7-4668-BE54-9A1E7A4F7556}") = "Scraper.Core", "src\core\Scraper.Core\Scraper.Core.csproj", "{EE693AC5-FE85-4BAB-A488-FB3143CBFD58}"
EndProject
Project("{9A19103F-16F7-4668-BE54-9A1E7A4F7556}") = "Scraper.Test", "test\Scraper.Test\Scraper.Test.csproj", "{CD3236A0-D131-49C9-B70F-70E619180D6A}"
EndProject
Project("{2150E333-8FDC-42A3-9474-1A3956D46DE8}") = "Hosts", "Hosts", "{5C04781F-AEC8-4821-BE41-E26B8DA4D108}"
EndProject
Project("{2150E333-8FDC-42A3-9474-1A3956D46DE8}") = "Adapters", "Adapters", "{020E476B-F2AC-4203-A75C-44B6AEEA3EDA}"
EndProject
Project("{9A19103F-16F7-4668-BE54-9A1E7A4F7556}") = "TvMazeShowInformation.Adapter", "src\Adapters\TvMazeShowInformation.Adapter\TvMazeShowInformation.Adapter.csproj", "{205AA80C-398B-404C-94E0-AF3A99B4980E}"
EndProject
Project("{9A19103F-16F7-4668-BE54-9A1E7A4F7556}") = "TvMazeShowInformation.Adapter.Tests", "test\TvMazeShowInformation.Adapter.Tests\TvMazeShowInformation.Adapter.Tests.csproj", "{45AC233C-3C5A-44E2-8850-F46CFA86AF70}"
EndProject
Project("{9A19103F-16F7-4668-BE54-9A1E7A4F7556}") = "Scraper.Test.Utils", "test\Scraper.Test.Utils\Scraper.Test.Utils.csproj", "{1EC8725D-E996-454D-B448-114066788C7E}"
EndProject
Project("{9A19103F-16F7-4668-BE54-9A1E7A4F7556}") = "ShowStorage.Adapter", "src\Adapters\ShowStorage.Adapter\ShowStorage.Adapter.csproj", "{2F8119FB-5700-4E31-AC16-F4BD5FEF7E83}"
EndProject
Project("{9A19103F-16F7-4668-BE54-9A1E7A4F7556}") = "TvMazeScraper", "src\Hosts\TvMazeScraper\TvMazeScraper.csproj", "{C87BDFAE-DF64-4F18-8F10-34E9B456E87A}"
EndProject
Project("{9A19103F-16F7-4668-BE54-9A1E7A4F7556}") = "ShowCastApi", "src\Hosts\ShowCastApi\ShowCastApi.csproj", "{0B68A352-7EEF-402A-90B5-7B9FC732ED6F}"
EndProject
Global
	GlobalSection(SolutionConfigurationPlatforms) = preSolution
		Debug|Any CPU = Debug|Any CPU
		Debug|x64 = Debug|x64
		Debug|x86 = Debug|x86
		Release|Any CPU = Release|Any CPU
		Release|x64 = Release|x64
		Release|x86 = Release|x86
	EndGlobalSection
	GlobalSection(ProjectConfigurationPlatforms) = postSolution
		{EE693AC5-FE85-4BAB-A488-FB3143CBFD58}.Debug|Any CPU.ActiveCfg = Debug|Any CPU
		{EE693AC5-FE85-4BAB-A488-FB3143CBFD58}.Debug|Any CPU.Build.0 = Debug|Any CPU
		{EE693AC5-FE85-4BAB-A488-FB3143CBFD58}.Debug|x64.ActiveCfg = Debug|Any CPU
		{EE693AC5-FE85-4BAB-A488-FB3143CBFD58}.Debug|x64.Build.0 = Debug|Any CPU
		{EE693AC5-FE85-4BAB-A488-FB3143CBFD58}.Debug|x86.ActiveCfg = Debug|Any CPU
		{EE693AC5-FE85-4BAB-A488-FB3143CBFD58}.Debug|x86.Build.0 = Debug|Any CPU
		{EE693AC5-FE85-4BAB-A488-FB3143CBFD58}.Release|Any CPU.ActiveCfg = Release|Any CPU
		{EE693AC5-FE85-4BAB-A488-FB3143CBFD58}.Release|Any CPU.Build.0 = Release|Any CPU
		{EE693AC5-FE85-4BAB-A488-FB3143CBFD58}.Release|x64.ActiveCfg = Release|Any CPU
		{EE693AC5-FE85-4BAB-A488-FB3143CBFD58}.Release|x64.Build.0 = Release|Any CPU
		{EE693AC5-FE85-4BAB-A488-FB3143CBFD58}.Release|x86.ActiveCfg = Release|Any CPU
		{EE693AC5-FE85-4BAB-A488-FB3143CBFD58}.Release|x86.Build.0 = Release|Any CPU
		{CD3236A0-D131-49C9-B70F-70E619180D6A}.Debug|Any CPU.ActiveCfg = Debug|Any CPU
		{CD3236A0-D131-49C9-B70F-70E619180D6A}.Debug|Any CPU.Build.0 = Debug|Any CPU
		{CD3236A0-D131-49C9-B70F-70E619180D6A}.Debug|x64.ActiveCfg = Debug|Any CPU
		{CD3236A0-D131-49C9-B70F-70E619180D6A}.Debug|x64.Build.0 = Debug|Any CPU
		{CD3236A0-D131-49C9-B70F-70E619180D6A}.Debug|x86.ActiveCfg = Debug|Any CPU
		{CD3236A0-D131-49C9-B70F-70E619180D6A}.Debug|x86.Build.0 = Debug|Any CPU
		{CD3236A0-D131-49C9-B70F-70E619180D6A}.Release|Any CPU.ActiveCfg = Release|Any CPU
		{CD3236A0-D131-49C9-B70F-70E619180D6A}.Release|Any CPU.Build.0 = Release|Any CPU
		{CD3236A0-D131-49C9-B70F-70E619180D6A}.Release|x64.ActiveCfg = Release|Any CPU
		{CD3236A0-D131-49C9-B70F-70E619180D6A}.Release|x64.Build.0 = Release|Any CPU
		{CD3236A0-D131-49C9-B70F-70E619180D6A}.Release|x86.ActiveCfg = Release|Any CPU
		{CD3236A0-D131-49C9-B70F-70E619180D6A}.Release|x86.Build.0 = Release|Any CPU
		{205AA80C-398B-404C-94E0-AF3A99B4980E}.Debug|Any CPU.ActiveCfg = Debug|Any CPU
		{205AA80C-398B-404C-94E0-AF3A99B4980E}.Debug|Any CPU.Build.0 = Debug|Any CPU
		{205AA80C-398B-404C-94E0-AF3A99B4980E}.Debug|x64.ActiveCfg = Debug|Any CPU
		{205AA80C-398B-404C-94E0-AF3A99B4980E}.Debug|x64.Build.0 = Debug|Any CPU
		{205AA80C-398B-404C-94E0-AF3A99B4980E}.Debug|x86.ActiveCfg = Debug|Any CPU
		{205AA80C-398B-404C-94E0-AF3A99B4980E}.Debug|x86.Build.0 = Debug|Any CPU
		{205AA80C-398B-404C-94E0-AF3A99B4980E}.Release|Any CPU.ActiveCfg = Release|Any CPU
		{205AA80C-398B-404C-94E0-AF3A99B4980E}.Release|Any CPU.Build.0 = Release|Any CPU
		{205AA80C-398B-404C-94E0-AF3A99B4980E}.Release|x64.ActiveCfg = Release|Any CPU
		{205AA80C-398B-404C-94E0-AF3A99B4980E}.Release|x64.Build.0 = Release|Any CPU
		{205AA80C-398B-404C-94E0-AF3A99B4980E}.Release|x86.ActiveCfg = Release|Any CPU
		{205AA80C-398B-404C-94E0-AF3A99B4980E}.Release|x86.Build.0 = Release|Any CPU
		{45AC233C-3C5A-44E2-8850-F46CFA86AF70}.Debug|Any CPU.ActiveCfg = Debug|Any CPU
		{45AC233C-3C5A-44E2-8850-F46CFA86AF70}.Debug|Any CPU.Build.0 = Debug|Any CPU
		{45AC233C-3C5A-44E2-8850-F46CFA86AF70}.Debug|x64.ActiveCfg = Debug|Any CPU
		{45AC233C-3C5A-44E2-8850-F46CFA86AF70}.Debug|x64.Build.0 = Debug|Any CPU
		{45AC233C-3C5A-44E2-8850-F46CFA86AF70}.Debug|x86.ActiveCfg = Debug|Any CPU
		{45AC233C-3C5A-44E2-8850-F46CFA86AF70}.Debug|x86.Build.0 = Debug|Any CPU
		{45AC233C-3C5A-44E2-8850-F46CFA86AF70}.Release|Any CPU.ActiveCfg = Release|Any CPU
		{45AC233C-3C5A-44E2-8850-F46CFA86AF70}.Release|Any CPU.Build.0 = Release|Any CPU
		{45AC233C-3C5A-44E2-8850-F46CFA86AF70}.Release|x64.ActiveCfg = Release|Any CPU
		{45AC233C-3C5A-44E2-8850-F46CFA86AF70}.Release|x64.Build.0 = Release|Any CPU
		{45AC233C-3C5A-44E2-8850-F46CFA86AF70}.Release|x86.ActiveCfg = Release|Any CPU
		{45AC233C-3C5A-44E2-8850-F46CFA86AF70}.Release|x86.Build.0 = Release|Any CPU
		{1EC8725D-E996-454D-B448-114066788C7E}.Debug|Any CPU.ActiveCfg = Debug|Any CPU
		{1EC8725D-E996-454D-B448-114066788C7E}.Debug|Any CPU.Build.0 = Debug|Any CPU
		{1EC8725D-E996-454D-B448-114066788C7E}.Debug|x64.ActiveCfg = Debug|Any CPU
		{1EC8725D-E996-454D-B448-114066788C7E}.Debug|x64.Build.0 = Debug|Any CPU
		{1EC8725D-E996-454D-B448-114066788C7E}.Debug|x86.ActiveCfg = Debug|Any CPU
		{1EC8725D-E996-454D-B448-114066788C7E}.Debug|x86.Build.0 = Debug|Any CPU
		{1EC8725D-E996-454D-B448-114066788C7E}.Release|Any CPU.ActiveCfg = Release|Any CPU
		{1EC8725D-E996-454D-B448-114066788C7E}.Release|Any CPU.Build.0 = Release|Any CPU
		{1EC8725D-E996-454D-B448-114066788C7E}.Release|x64.ActiveCfg = Release|Any CPU
		{1EC8725D-E996-454D-B448-114066788C7E}.Release|x64.Build.0 = Release|Any CPU
		{1EC8725D-E996-454D-B448-114066788C7E}.Release|x86.ActiveCfg = Release|Any CPU
		{1EC8725D-E996-454D-B448-114066788C7E}.Release|x86.Build.0 = Release|Any CPU
		{2F8119FB-5700-4E31-AC16-F4BD5FEF7E83}.Debug|Any CPU.ActiveCfg = Debug|Any CPU
		{2F8119FB-5700-4E31-AC16-F4BD5FEF7E83}.Debug|Any CPU.Build.0 = Debug|Any CPU
		{2F8119FB-5700-4E31-AC16-F4BD5FEF7E83}.Debug|x64.ActiveCfg = Debug|Any CPU
		{2F8119FB-5700-4E31-AC16-F4BD5FEF7E83}.Debug|x64.Build.0 = Debug|Any CPU
		{2F8119FB-5700-4E31-AC16-F4BD5FEF7E83}.Debug|x86.ActiveCfg = Debug|Any CPU
		{2F8119FB-5700-4E31-AC16-F4BD5FEF7E83}.Debug|x86.Build.0 = Debug|Any CPU
		{2F8119FB-5700-4E31-AC16-F4BD5FEF7E83}.Release|Any CPU.ActiveCfg = Release|Any CPU
		{2F8119FB-5700-4E31-AC16-F4BD5FEF7E83}.Release|Any CPU.Build.0 = Release|Any CPU
		{2F8119FB-5700-4E31-AC16-F4BD5FEF7E83}.Release|x64.ActiveCfg = Release|Any CPU
		{2F8119FB-5700-4E31-AC16-F4BD5FEF7E83}.Release|x64.Build.0 = Release|Any CPU
		{2F8119FB-5700-4E31-AC16-F4BD5FEF7E83}.Release|x86.ActiveCfg = Release|Any CPU
		{2F8119FB-5700-4E31-AC16-F4BD5FEF7E83}.Release|x86.Build.0 = Release|Any CPU
		{C87BDFAE-DF64-4F18-8F10-34E9B456E87A}.Debug|Any CPU.ActiveCfg = Debug|Any CPU
		{C87BDFAE-DF64-4F18-8F10-34E9B456E87A}.Debug|Any CPU.Build.0 = Debug|Any CPU
		{C87BDFAE-DF64-4F18-8F10-34E9B456E87A}.Debug|x64.ActiveCfg = Debug|Any CPU
		{C87BDFAE-DF64-4F18-8F10-34E9B456E87A}.Debug|x64.Build.0 = Debug|Any CPU
		{C87BDFAE-DF64-4F18-8F10-34E9B456E87A}.Debug|x86.ActiveCfg = Debug|Any CPU
		{C87BDFAE-DF64-4F18-8F10-34E9B456E87A}.Debug|x86.Build.0 = Debug|Any CPU
		{C87BDFAE-DF64-4F18-8F10-34E9B456E87A}.Release|Any CPU.ActiveCfg = Release|Any CPU
		{C87BDFAE-DF64-4F18-8F10-34E9B456E87A}.Release|Any CPU.Build.0 = Release|Any CPU
		{C87BDFAE-DF64-4F18-8F10-34E9B456E87A}.Release|x64.ActiveCfg = Release|Any CPU
		{C87BDFAE-DF64-4F18-8F10-34E9B456E87A}.Release|x64.Build.0 = Release|Any CPU
		{C87BDFAE-DF64-4F18-8F10-34E9B456E87A}.Release|x86.ActiveCfg = Release|Any CPU
		{C87BDFAE-DF64-4F18-8F10-34E9B456E87A}.Release|x86.Build.0 = Release|Any CPU
		{0B68A352-7EEF-402A-90B5-7B9FC732ED6F}.Debug|Any CPU.ActiveCfg = Debug|Any CPU
		{0B68A352-7EEF-402A-90B5-7B9FC732ED6F}.Debug|Any CPU.Build.0 = Debug|Any CPU
		{0B68A352-7EEF-402A-90B5-7B9FC732ED6F}.Debug|x64.ActiveCfg = Debug|Any CPU
		{0B68A352-7EEF-402A-90B5-7B9FC732ED6F}.Debug|x64.Build.0 = Debug|Any CPU
		{0B68A352-7EEF-402A-90B5-7B9FC732ED6F}.Debug|x86.ActiveCfg = Debug|Any CPU
		{0B68A352-7EEF-402A-90B5-7B9FC732ED6F}.Debug|x86.Build.0 = Debug|Any CPU
		{0B68A352-7EEF-402A-90B5-7B9FC732ED6F}.Release|Any CPU.ActiveCfg = Release|Any CPU
		{0B68A352-7EEF-402A-90B5-7B9FC732ED6F}.Release|Any CPU.Build.0 = Release|Any CPU
		{0B68A352-7EEF-402A-90B5-7B9FC732ED6F}.Release|x64.ActiveCfg = Release|Any CPU
		{0B68A352-7EEF-402A-90B5-7B9FC732ED6F}.Release|x64.Build.0 = Release|Any CPU
		{0B68A352-7EEF-402A-90B5-7B9FC732ED6F}.Release|x86.ActiveCfg = Release|Any CPU
		{0B68A352-7EEF-402A-90B5-7B9FC732ED6F}.Release|x86.Build.0 = Release|Any CPU
	EndGlobalSection
	GlobalSection(SolutionProperties) = preSolution
		HideSolutionNode = FALSE
	EndGlobalSection
	GlobalSection(NestedProjects) = preSolution
		{EE693AC5-FE85-4BAB-A488-FB3143CBFD58} = {3E12B538-40EB-485F-B842-274248B175D6}
		{CD3236A0-D131-49C9-B70F-70E619180D6A} = {5392CE96-F600-4647-B43F-EFA2E172BDF6}
		{5C04781F-AEC8-4821-BE41-E26B8DA4D108} = {3E12B538-40EB-485F-B842-274248B175D6}
		{020E476B-F2AC-4203-A75C-44B6AEEA3EDA} = {3E12B538-40EB-485F-B842-274248B175D6}
		{205AA80C-398B-404C-94E0-AF3A99B4980E} = {020E476B-F2AC-4203-A75C-44B6AEEA3EDA}
		{45AC233C-3C5A-44E2-8850-F46CFA86AF70} = {5392CE96-F600-4647-B43F-EFA2E172BDF6}
		{1EC8725D-E996-454D-B448-114066788C7E} = {5392CE96-F600-4647-B43F-EFA2E172BDF6}
		{2F8119FB-5700-4E31-AC16-F4BD5FEF7E83} = {020E476B-F2AC-4203-A75C-44B6AEEA3EDA}
		{C87BDFAE-DF64-4F18-8F10-34E9B456E87A} = {5C04781F-AEC8-4821-BE41-E26B8DA4D108}
		{0B68A352-7EEF-402A-90B5-7B9FC732ED6F} = {5C04781F-AEC8-4821-BE41-E26B8DA4D108}
	EndGlobalSection
	GlobalSection(ExtensibilityGlobals) = postSolution
		SolutionGuid = {EBE8D153-1020-4B23-A5AC-B66E74D2AFC0}
	EndGlobalSection
EndGlobal
